
Microsoft Visual Studio Solution File, Format Version 12.00
# Visual Studio Version 17
VisualStudioVersion = 17.12.35527.113 d17.12
MinimumVisualStudioVersion = 10.0.40219.1
Project("{FAE04EC0-301F-11D3-BF4B-00C04F79EFBC}") = "inClassExercise18122024", "inClassExercise18122024\inClassExercise18122024.csproj", "{2E883B18-1C33-4AB2-987C-EAABD498CBAF}"
EndProject
Global
	GlobalSection(SolutionConfigurationPlatforms) = preSolution
		Debug|Any CPU = Debug|Any CPU
		Release|Any CPU = Release|Any CPU
	EndGlobalSection
	GlobalSection(ProjectConfigurationPlatforms) = postSolution
		{2E883B18-1C33-4AB2-987C-EAABD498CBAF}.Debug|Any CPU.ActiveCfg = Debug|Any CPU
		{2E883B18-1C33-4AB2-987C-EAABD498CBAF}.Debug|Any CPU.Build.0 = Debug|Any CPU
		{2E883B18-1C33-4AB2-987C-EAABD498CBAF}.Release|Any CPU.ActiveCfg = Release|Any CPU
		{2E883B18-1C33-4AB2-987C-EAABD498CBAF}.Release|Any CPU.Build.0 = Release|Any CPU
	EndGlobalSection
	GlobalSection(SolutionProperties) = preSolution
		HideSolutionNode = FALSE
	EndGlobalSection
EndGlobal
